Microsoft Visual Studio Solution File, Format Version 12.00
# Visual Studio Version 17
VisualStudioVersion = 17.5.2.0
MinimumVisualStudioVersion = 10.0.40219.1
Project("{FAE04EC0-301F-11D3-BF4B-00C04F79EFBC}") = "MiHoYoClubSite", "Backend\MiHoYoClubSite.csproj", "{FB0924B3-17A4-9003-938F-165130FD519E}"
EndProject
Global
	GlobalSection(SolutionConfigurationPlatforms) = preSolution
		Debug|Any CPU = Debug|Any CPU
		Release|Any CPU = Release|Any CPU
	EndGlobalSection
	GlobalSection(ProjectConfigurationPlatforms) = postSolution
		{FB0924B3-17A4-9003-938F-165130FD519E}.Debug|Any CPU.ActiveCfg = Debug|Any CPU
		{FB0924B3-17A4-9003-938F-165130FD519E}.Debug|Any CPU.Build.0 = Debug|Any CPU
		{FB0924B3-17A4-9003-938F-165130FD519E}.Release|Any CPU.ActiveCfg = Release|Any CPU
		{FB0924B3-17A4-9003-938F-165130FD519E}.Release|Any CPU.Build.0 = Release|Any CPU
	EndGlobalSection
	GlobalSection(SolutionProperties) = preSolution
		HideSolutionNode = FALSE
	EndGlobalSection
	GlobalSection(ExtensibilityGlobals) = postSolution
		SolutionGuid = {6A68E2F9-510D-48DD-B12E-AF6DA783C611}
	EndGlobalSection
EndGlobal
